PackratFormat: 1.4
PackratVersion: 0.4.7.1
RVersion: 3.2.4
Repos: BioCsoft=https://bioconductor.org/packages/3.2/bioc,
    BioCann=https://bioconductor.org/packages/3.2/data/annotation,
    BioCexp=https://bioconductor.org/packages/3.2/data/experiment,
    BioCextra=https://bioconductor.org/packages/3.2/extra,
    CRAN=http://cran.stat.sfu.ca/

Package: R6
Source: CRAN
Version: 2.1.2
Hash: c515e41c73294952cbb33ee1c1be5a2d

Package: Rcpp
Source: CRAN
Version: 0.12.4
Hash: 115167d29098a4fd1e572fdbef809438

Package: brew
Source: CRAN
Version: 1.0-6
Hash: 931f9972deae0f205e1c78a51f33149b

Package: curl
Source: CRAN
Version: 0.9.6
Hash: 21fb53e12f47bff18a2db6ab69bd87a0

Package: devtools
Source: CRAN
Version: 1.10.0
Hash: 11261bd97eda1c73da7136c4e2031e97
Requires: digest, git2r, httr, jsonlite, memoise, rstudioapi, whisker,
    withr

Package: digest
Source: CRAN
Version: 0.6.9
Hash: fd55d5a024f160fc001a5ece1e27782d

Package: git2r
Source: CRAN
Version: 0.14.0
Hash: 38b74f188c339da499441cb1812b89b9

Package: httr
Source: CRAN
Version: 1.1.0
Hash: 27ffb4b4dbb8ac4019126070d66910fc
Requires: R6, curl, jsonlite, mime, openssl

Package: jsonlite
Source: CRAN
Version: 0.9.19
Hash: 4a983f753b6e88ae0f5a6ac152d8cc32

Package: magrittr
Source: CRAN
Version: 1.5

Package: memoise
Source: CRAN
Version: 1.0.0
Hash: 56e7087c3559eb7ba72a9afb349bf896
Requires: digest

Package: mime
Source: CRAN
Version: 0.4
Hash: b08c52dae92a0a11e64a4deea032ec33

Package: openssl
Source: CRAN
Version: 0.9.2
Hash: b38a62a893b2dc8c6f67a5514c43e3b7

Package: packrat
Source: CRAN
Version: 0.4.7-1
Hash: 16ca16d36eb18d1d16113606ecc5c400

Package: roxygen2
Source: CRAN
Version: 5.0.1
Hash: 0d13c15c5cd65dd83b58d190b54178ba
Requires: Rcpp, brew, digest, stringi, stringr

Package: rstudioapi
Source: CRAN
Version: 0.5
Hash: f942db72a8f51e968b061f28058e2c57

Package: stringi
Source: CRAN
Version: 1.0-1
Hash: cf342bc407bd5daec77ed1009d5244e1

Package: stringr
Source: CRAN
Version: 1.0.0
Hash: 2676dd5f88890910962b733b0f9540e1
Requires: magrittr, stringi

Package: whisker
Source: CRAN
Version: 0.3-2
Hash: 803d662762e532705c2c066a82d066e7

Package: withr
Source: CRAN
Version: 1.0.1
Hash: e3d37838719e5d66652364e2aefebcee
